
Microsoft Visual Studio Solution File, Format Version 12.00
# Visual Studio 15
VisualStudioVersion = 15.0.28010.2048
MinimumVisualStudioVersion = 10.0.40219.1
Project("{9A19103F-16F7-4668-BE54-9A1E7A4F7556}") = "SimpleWebApiWithDocker", "SimpleWebApiWithDocker\SimpleWebApiWithDocker.csproj", "{7C5DDAF3-AB94-4854-A68D-DAE62DC7EBA0}"
EndProject
Project("{9A19103F-16F7-4668-BE54-9A1E7A4F7556}") = "Models", "Models\Models.csproj", "{1097B04F-5EB5-4E81-B180-71DB442CF5F2}"
EndProject
Project("{9A19103F-16F7-4668-BE54-9A1E7A4F7556}") = "Repository", "Repository\Repository.csproj", "{B361AF50-3C5A-4F32-B7B0-6ADB74DA7B8A}"
EndProject
Project("{FAE04EC0-301F-11D3-BF4B-00C04F79EFBC}") = "Services", "Services\Services.csproj", "{9EAD53BA-E0FB-4408-9FDF-704C8F6E4269}"
EndProject
Global
	GlobalSection(SolutionConfigurationPlatforms) = preSolution
		Debug|Any CPU = Debug|Any CPU
		Release|Any CPU = Release|Any CPU
	EndGlobalSection
	GlobalSection(ProjectConfigurationPlatforms) = postSolution
		{7C5DDAF3-AB94-4854-A68D-DAE62DC7EBA0}.Debug|Any CPU.ActiveCfg = Debug|Any CPU
		{7C5DDAF3-AB94-4854-A68D-DAE62DC7EBA0}.Debug|Any CPU.Build.0 = Debug|Any CPU
		{7C5DDAF3-AB94-4854-A68D-DAE62DC7EBA0}.Release|Any CPU.ActiveCfg = Release|Any CPU
		{7C5DDAF3-AB94-4854-A68D-DAE62DC7EBA0}.Release|Any CPU.Build.0 = Release|Any CPU
		{1097B04F-5EB5-4E81-B180-71DB442CF5F2}.Debug|Any CPU.ActiveCfg = Debug|Any CPU
		{1097B04F-5EB5-4E81-B180-71DB442CF5F2}.Debug|Any CPU.Build.0 = Debug|Any CPU
		{1097B04F-5EB5-4E81-B180-71DB442CF5F2}.Release|Any CPU.ActiveCfg = Release|Any CPU
		{1097B04F-5EB5-4E81-B180-71DB442CF5F2}.Release|Any CPU.Build.0 = Release|Any CPU
		{B361AF50-3C5A-4F32-B7B0-6ADB74DA7B8A}.Debug|Any CPU.ActiveCfg = Debug|Any CPU
		{B361AF50-3C5A-4F32-B7B0-6ADB74DA7B8A}.Debug|Any CPU.Build.0 = Debug|Any CPU
		{B361AF50-3C5A-4F32-B7B0-6ADB74DA7B8A}.Release|Any CPU.ActiveCfg = Release|Any CPU
		{B361AF50-3C5A-4F32-B7B0-6ADB74DA7B8A}.Release|Any CPU.Build.0 = Release|Any CPU
		{9EAD53BA-E0FB-4408-9FDF-704C8F6E4269}.Debug|Any CPU.ActiveCfg = Debug|Any CPU
		{9EAD53BA-E0FB-4408-9FDF-704C8F6E4269}.Debug|Any CPU.Build.0 = Debug|Any CPU
		{9EAD53BA-E0FB-4408-9FDF-704C8F6E4269}.Release|Any CPU.ActiveCfg = Release|Any CPU
		{9EAD53BA-E0FB-4408-9FDF-704C8F6E4269}.Release|Any CPU.Build.0 = Release|Any CPU
	EndGlobalSection
	GlobalSection(SolutionProperties) = preSolution
		HideSolutionNode = FALSE
	EndGlobalSection
	GlobalSection(ExtensibilityGlobals) = postSolution
		SolutionGuid = {23A2BE4D-B27E-4810-ACC6-9BF2F0CE58AF}
	EndGlobalSection
EndGlobal
